
Microsoft Visual Studio Solution File, Format Version 12.00
# Visual Studio 15
Project("{FAE04EC0-301F-11D3-BF4B-00C04F79EFBC}") = "EVEAPI", "EVEAPI\EVEAPI.csproj", "{317C76E7-2585-406E-B9C8-DE941FFE8E4C}"
EndProject
Project("{FAE04EC0-301F-11D3-BF4B-00C04F79EFBC}") = "Repository", "Infrastructure\Repository\Repository.csproj", "{BBEBF415-AED2-49C7-893A-8DC8076B24F1}"
EndProject
Project("{2150E333-8FDC-42A3-9474-1A3956D46DE8}") = "Domain", "Domain", "{884C679B-7C24-441A-8BFF-914E2D826B3E}"
EndProject
Project("{2150E333-8FDC-42A3-9474-1A3956D46DE8}") = "Infrastructure", "Infrastructure", "{80037E01-D8F1-4B71-A25B-331D6E934A7C}"
EndProject
Project("{FAE04EC0-301F-11D3-BF4B-00C04F79EFBC}") = "User", "Domain\User\User.csproj", "{E9250C04-F0C6-4F54-AA10-A4078FF58913}"
EndProject
Project("{2150E333-8FDC-42A3-9474-1A3956D46DE8}") = "Application", "Application", "{0D3D44A5-A6B9-4C3C-8970-28498943DB79}"
EndProject
Project("{FAE04EC0-301F-11D3-BF4B-00C04F79EFBC}") = "Authorization", "Application\Authorization\Authorization.csproj", "{F296E671-982C-4244-9F7A-4B46A5C8161C}"
EndProject
Project("{FAE04EC0-301F-11D3-BF4B-00C04F79EFBC}") = "Utility", "Infrastructure\Utility\Utility.csproj", "{92ECCE63-E25F-4EA5-B9E9-E8946DEC36E3}"
EndProject
Project("{FAE04EC0-301F-11D3-BF4B-00C04F79EFBC}") = "Application", "Application\Application\Application.csproj", "{01E7CCA7-8DD7-4322-A98D-02FA462C118C}"
EndProject
Global
	GlobalSection(SolutionConfigurationPlatforms) = preSolution
		Debug|Any CPU = Debug|Any CPU
		Release|Any CPU = Release|Any CPU
	EndGlobalSection
	GlobalSection(ProjectConfigurationPlatforms) = postSolution
		{317C76E7-2585-406E-B9C8-DE941FFE8E4C}.Debug|Any CPU.ActiveCfg = Debug|Any CPU
		{317C76E7-2585-406E-B9C8-DE941FFE8E4C}.Debug|Any CPU.Build.0 = Debug|Any CPU
		{317C76E7-2585-406E-B9C8-DE941FFE8E4C}.Release|Any CPU.ActiveCfg = Release|Any CPU
		{317C76E7-2585-406E-B9C8-DE941FFE8E4C}.Release|Any CPU.Build.0 = Release|Any CPU
		{BBEBF415-AED2-49C7-893A-8DC8076B24F1}.Debug|Any CPU.ActiveCfg = Debug|Any CPU
		{BBEBF415-AED2-49C7-893A-8DC8076B24F1}.Debug|Any CPU.Build.0 = Debug|Any CPU
		{BBEBF415-AED2-49C7-893A-8DC8076B24F1}.Release|Any CPU.ActiveCfg = Release|Any CPU
		{BBEBF415-AED2-49C7-893A-8DC8076B24F1}.Release|Any CPU.Build.0 = Release|Any CPU
		{8E5AA025-2671-4BF3-80FE-E6A28515A37B}.Debug|Any CPU.ActiveCfg = Debug|Any CPU
		{8E5AA025-2671-4BF3-80FE-E6A28515A37B}.Debug|Any CPU.Build.0 = Debug|Any CPU
		{8E5AA025-2671-4BF3-80FE-E6A28515A37B}.Release|Any CPU.ActiveCfg = Release|Any CPU
		{8E5AA025-2671-4BF3-80FE-E6A28515A37B}.Release|Any CPU.Build.0 = Release|Any CPU
		{E9250C04-F0C6-4F54-AA10-A4078FF58913}.Debug|Any CPU.ActiveCfg = Debug|Any CPU
		{E9250C04-F0C6-4F54-AA10-A4078FF58913}.Debug|Any CPU.Build.0 = Debug|Any CPU
		{E9250C04-F0C6-4F54-AA10-A4078FF58913}.Release|Any CPU.ActiveCfg = Release|Any CPU
		{E9250C04-F0C6-4F54-AA10-A4078FF58913}.Release|Any CPU.Build.0 = Release|Any CPU
		{F296E671-982C-4244-9F7A-4B46A5C8161C}.Debug|Any CPU.ActiveCfg = Debug|Any CPU
		{F296E671-982C-4244-9F7A-4B46A5C8161C}.Debug|Any CPU.Build.0 = Debug|Any CPU
		{F296E671-982C-4244-9F7A-4B46A5C8161C}.Release|Any CPU.ActiveCfg = Release|Any CPU
		{F296E671-982C-4244-9F7A-4B46A5C8161C}.Release|Any CPU.Build.0 = Release|Any CPU
		{92ECCE63-E25F-4EA5-B9E9-E8946DEC36E3}.Debug|Any CPU.ActiveCfg = Debug|Any CPU
		{92ECCE63-E25F-4EA5-B9E9-E8946DEC36E3}.Debug|Any CPU.Build.0 = Debug|Any CPU
		{92ECCE63-E25F-4EA5-B9E9-E8946DEC36E3}.Release|Any CPU.ActiveCfg = Release|Any CPU
		{92ECCE63-E25F-4EA5-B9E9-E8946DEC36E3}.Release|Any CPU.Build.0 = Release|Any CPU
		{01E7CCA7-8DD7-4322-A98D-02FA462C118C}.Debug|Any CPU.ActiveCfg = Debug|Any CPU
		{01E7CCA7-8DD7-4322-A98D-02FA462C118C}.Debug|Any CPU.Build.0 = Debug|Any CPU
		{01E7CCA7-8DD7-4322-A98D-02FA462C118C}.Release|Any CPU.ActiveCfg = Release|Any CPU
		{01E7CCA7-8DD7-4322-A98D-02FA462C118C}.Release|Any CPU.Build.0 = Release|Any CPU
	EndGlobalSection
	GlobalSection(NestedProjects) = preSolution
		{8E5AA025-2671-4BF3-80FE-E6A28515A37B} = {3456E326-F7E5-445E-95D9-B081540A82D5}
		{BBEBF415-AED2-49C7-893A-8DC8076B24F1} = {80037E01-D8F1-4B71-A25B-331D6E934A7C}
		{E9250C04-F0C6-4F54-AA10-A4078FF58913} = {884C679B-7C24-441A-8BFF-914E2D826B3E}
		{F296E671-982C-4244-9F7A-4B46A5C8161C} = {0D3D44A5-A6B9-4C3C-8970-28498943DB79}
		{92ECCE63-E25F-4EA5-B9E9-E8946DEC36E3} = {80037E01-D8F1-4B71-A25B-331D6E934A7C}
		{01E7CCA7-8DD7-4322-A98D-02FA462C118C} = {0D3D44A5-A6B9-4C3C-8970-28498943DB79}
	EndGlobalSection
EndGlobal
